// !$*UTF8*$!
{
	archiveVersion = 1;
	classes = {
	};
	objectVersion = 46;
	objects = {

/* Begin PBXBuildFile section */
		BE383279192A6B1600A7DC57 /* CurrencyDict.plist in Resources */ = {isa = PBXBuildFile; fileRef = BE383278192A6B1600A7DC57 /* CurrencyDict.plist */; };
		BE383303192ACFFA00A7DC57 /* Item.m in Sources */ = {isa = PBXBuildFile; fileRef = BE383302192ACFFA00A7DC57 /* Item.m */; };
		BE3930E118BBDCA10072C4C7 /* Foundation.framework in Frameworks */ = {isa = PBXBuildFile; fileRef = BE3930E018BBDCA10072C4C7 /* Foundation.framework */; };
		BE3930E318BBDCA10072C4C7 /* CoreGraphics.framework in Frameworks */ = {isa = PBXBuildFile; fileRef = BE3930E218BBDCA10072C4C7 /* CoreGraphics.framework */; };
		BE3930E518BBDCA10072C4C7 /* UIKit.framework in Frameworks */ = {isa = PBXBuildFile; fileRef = BE3930E418BBDCA10072C4C7 /* UIKit.framework */; };
		BE3930EB18BBDCA10072C4C7 /* InfoPlist.strings in Resources */ = {isa = PBXBuildFile; fileRef = BE3930E918BBDCA10072C4C7 /* InfoPlist.strings */; };
		BE3930ED18BBDCA10072C4C7 /* main.m in Sources */ = {isa = PBXBuildFile; fileRef = BE3930EC18BBDCA10072C4C7 /* main.m */; };
		BE3930F118BBDCA10072C4C7 /* AppDelegate.m in Sources */ = {isa = PBXBuildFile; fileRef = BE3930F018BBDCA10072C4C7 /* AppDelegate.m */; };
		BE3930F418BBDCA10072C4C7 /* Main.storyboard in Resources */ = {isa = PBXBuildFile; fileRef = BE3930F218BBDCA10072C4C7 /* Main.storyboard */; };
		BE3930F718BBDCA10072C4C7 /* MainViewController.m in Sources */ = {isa = PBXBuildFile; fileRef = BE3930F618BBDCA10072C4C7 /* MainViewController.m */; };
		BE3930F918BBDCA10072C4C7 /* Images.xcassets in Resources */ = {isa = PBXBuildFile; fileRef = BE3930F818BBDCA10072C4C7 /* Images.xcassets */; };
		BE39310018BBDCA10072C4C7 /* XCTest.framework in Frameworks */ = {isa = PBXBuildFile; fileRef = BE3930FF18BBDCA10072C4C7 /* XCTest.framework */; };
		BE39310118BBDCA10072C4C7 /* Foundation.framework in Frameworks */ = {isa = PBXBuildFile; fileRef = BE3930E018BBDCA10072C4C7 /* Foundation.framework */; };
		BE39310218BBDCA10072C4C7 /* UIKit.framework in Frameworks */ = {isa = PBXBuildFile; fileRef = BE3930E418BBDCA10072C4C7 /* UIKit.framework */; };
		BE39310A18BBDCA10072C4C7 /* InfoPlist.strings in Resources */ = {isa = PBXBuildFile; fileRef = BE39310818BBDCA10072C4C7 /* InfoPlist.strings */; };
		BE39310C18BBDCA10072C4C7 /* BorderCompareTests.m in Sources */ = {isa = PBXBuildFile; fileRef = BE39310B18BBDCA10072C4C7 /* BorderCompareTests.m */; };
		BE3F48DC194E4E3900F7F672 /* BaseCurrencyTableViewController.m in Sources */ = {isa = PBXBuildFile; fileRef = BE3F48DB194E4E3900F7F672 /* BaseCurrencyTableViewController.m */; };
		BE7D13351947CADA009ECAA3 /* ItemDict.plist in Resources */ = {isa = PBXBuildFile; fileRef = BE7D13341947CADA009ECAA3 /* ItemDict.plist */; };
		BEB9BDFB194EB0D50068A441 /* BaseCurrency.m in Sources */ = {isa = PBXBuildFile; fileRef = BEB9BDFA194EB0D50068A441 /* BaseCurrency.m */; };
		BEC1752F191AF5A700459AD9 /* CurrencyPickerViewController.m in Sources */ = {isa = PBXBuildFile; fileRef = BEC1752E191AF5A700459AD9 /* CurrencyPickerViewController.m */; };
		BEC17538191B45D800459AD9 /* Currency.m in Sources */ = {isa = PBXBuildFile; fileRef = BEC17537191B45D800459AD9 /* Currency.m */; };
		BEEF66E91936800C0086C145 /* Reachability.m in Sources */ = {isa = PBXBuildFile; fileRef = BEEF66E81936800C0086C145 /* Reachability.m */; };
		BEEF66EB1936F11A0086C145 /* SystemConfiguration.framework in Frameworks */ = {isa = PBXBuildFile; fileRef = BEEF66EA1936F11A0086C145 /* SystemConfiguration.framework */; };
		BEF4722219564C1D00F2D9BA /* about_BorderConverter.html in Resources */ = {isa = PBXBuildFile; fileRef = BEF4722119564C1D00F2D9BA /* about_BorderConverter.html */; };
/* End PBXBuildFile section */

/* Begin PBXContainerItemProxy section */
		BE39310318BBDCA10072C4C7 /* PBXContainerItemProxy */ = {
			isa = PBXContainerItemProxy;
			containerPortal = BE3930D518BBDCA10072C4C7 /* Project object */;
			proxyType = 1;
			remoteGlobalIDString = BE3930DC18BBDCA10072C4C7;
			remoteInfo = BorderCompare;
		};
/* End PBXContainerItemProxy section */

/* Begin PBXFileReference section */
		BE383278192A6B1600A7DC57 /* CurrencyDict.plist */ = {isa = PBXFileReference; fileEncoding = 4; lastKnownFileType = text.plist.xml; path = CurrencyDict.plist; sourceTree = "<group>"; };
		BE383301192ACFFA00A7DC57 /* Item.h */ = {isa = PBXFileReference; fileEncoding = 4; lastKnownFileType = sourcecode.c.h; path = Item.h; sourceTree = "<group>"; };
		BE383302192ACFFA00A7DC57 /* Item.m */ = {isa = PBXFileReference; fileEncoding = 4; lastKnownFileType = sourcecode.c.objc; path = Item.m; sourceTree = "<group>"; };
		BE3930DD18BBDCA10072C4C7 /* BorderCompare.app */ = {isa = PBXFileReference; explicitFileType = wrapper.application; includeInIndex = 0; path = BorderCompare.app; sourceTree = BUILT_PRODUCTS_DIR; };
		BE3930E018BBDCA10072C4C7 /* Foundation.framework */ = {isa = PBXFileReference; lastKnownFileType = wrapper.framework; name = Foundation.framework; path = System/Library/Frameworks/Foundation.framework; sourceTree = SDKROOT; };
		BE3930E218BBDCA10072C4C7 /* CoreGraphics.framework */ = {isa = PBXFileReference; lastKnownFileType = wrapper.framework; name = CoreGraphics.framework; path = System/Library/Frameworks/CoreGraphics.framework; sourceTree = SDKROOT; };
		BE3930E418BBDCA10072C4C7 /* UIKit.framework */ = {isa = PBXFileReference; lastKnownFileType = wrapper.framework; name = UIKit.framework; path = System/Library/Frameworks/UIKit.framework; sourceTree = SDKROOT; };
		BE3930E818BBDCA10072C4C7 /* BorderCompare-Info.plist */ = {isa = PBXFileReference; lastKnownFileType = text.plist.xml; path = "BorderCompare-Info.plist"; sourceTree = "<group>"; };
		BE3930EA18BBDCA10072C4C7 /* en */ = {isa = PBXFileReference; lastKnownFileType = text.plist.strings; name = en; path = en.lproj/InfoPlist.strings; sourceTree = "<group>"; };
		BE3930EC18BBDCA10072C4C7 /* main.m */ = {isa = PBXFileReference; lastKnownFileType = sourcecode.c.objc; path = main.m; sourceTree = "<group>"; };
		BE3930EE18BBDCA10072C4C7 /* BorderCompare-Prefix.pch */ = {isa = PBXFileReference; lastKnownFileType = sourcecode.c.h; path = "BorderCompare-Prefix.pch"; sourceTree = "<group>"; };
		BE3930EF18BBDCA10072C4C7 /* AppDelegate.h */ = {isa = PBXFileReference; lastKnownFileType = sourcecode.c.h; path = AppDelegate.h; sourceTree = "<group>"; };
		BE3930F018BBDCA10072C4C7 /* AppDelegate.m */ = {isa = PBXFileReference; lastKnownFileType = sourcecode.c.objc; path = AppDelegate.m; sourceTree = "<group>"; };
		BE3930F318BBDCA10072C4C7 /* Base */ = {isa = PBXFileReference; lastKnownFileType = file.storyboard; name = Base; path = Base.lproj/Main.storyboard; sourceTree = "<group>"; };
		BE3930F518BBDCA10072C4C7 /* MainViewController.h */ = {isa = PBXFileReference; lastKnownFileType = sourcecode.c.h; path = MainViewController.h; sourceTree = "<group>"; };
		BE3930F618BBDCA10072C4C7 /* MainViewController.m */ = {isa = PBXFileReference; lastKnownFileType = sourcecode.c.objc; path = MainViewController.m; sourceTree = "<group>"; };
		BE3930F818BBDCA10072C4C7 /* Images.xcassets */ = {isa = PBXFileReference; lastKnownFileType = folder.assetcatalog; path = Images.xcassets; sourceTree = "<group>"; };
		BE3930FE18BBDCA10072C4C7 /* BorderCompareTests.xctest */ = {isa = PBXFileReference; explicitFileType = wrapper.cfbundle; includeInIndex = 0; path = BorderCompareTests.xctest; sourceTree = BUILT_PRODUCTS_DIR; };
		BE3930FF18BBDCA10072C4C7 /* XCTest.framework */ = {isa = PBXFileReference; lastKnownFileType = wrapper.framework; name = XCTest.framework; path = Library/Frameworks/XCTest.framework; sourceTree = DEVELOPER_DIR; };
		BE39310718BBDCA10072C4C7 /* BorderCompareTests-Info.plist */ = {isa = PBXFileReference; lastKnownFileType = text.plist.xml; path = "BorderCompareTests-Info.plist"; sourceTree = "<group>"; };
		BE39310918BBDCA10072C4C7 /* en */ = {isa = PBXFileReference; lastKnownFileType = text.plist.strings; name = en; path = en.lproj/InfoPlist.strings; sourceTree = "<group>"; };
		BE39310B18BBDCA10072C4C7 /* BorderCompareTests.m */ = {isa = PBXFileReference; lastKnownFileType = sourcecode.c.objc; path = BorderCompareTests.m; sourceTree = "<group>"; };
		BE3F48DA194E4E3900F7F672 /* BaseCurrencyTableViewController.h */ = {isa = PBXFileReference; fileEncoding = 4; lastKnownFileType = sourcecode.c.h; path = BaseCurrencyTableViewController.h; sourceTree = "<group>"; };
		BE3F48DB194E4E3900F7F672 /* BaseCurrencyTableViewController.m */ = {isa = PBXFileReference; fileEncoding = 4; lastKnownFileType = sourcecode.c.objc; path = BaseCurrencyTableViewController.m; sourceTree = "<group>"; };
		BE7D13341947CADA009ECAA3 /* ItemDict.plist */ = {isa = PBXFileReference; fileEncoding = 4; lastKnownFileType = text.plist.xml; path = ItemDict.plist; sourceTree = "<group>"; };
		BEB9BDF9194EB0D50068A441 /* BaseCurrency.h */ = {isa = PBXFileReference; fileEncoding = 4; lastKnownFileType = sourcecode.c.h; path = BaseCurrency.h; sourceTree = "<group>"; };
		BEB9BDFA194EB0D50068A441 /* BaseCurrency.m */ = {isa = PBXFileReference; fileEncoding = 4; lastKnownFileType = sourcecode.c.objc; path = BaseCurrency.m; sourceTree = "<group>"; };
		BEC1752D191AF5A700459AD9 /* CurrencyPickerViewController.h */ = {isa = PBXFileReference; fileEncoding = 4; lastKnownFileType = sourcecode.c.h; path = CurrencyPickerViewController.h; sourceTree = "<group>"; };
		BEC1752E191AF5A700459AD9 /* CurrencyPickerViewController.m */ = {isa = PBXFileReference; fileEncoding = 4; lastKnownFileType = sourcecode.c.objc; path = CurrencyPickerViewController.m; sourceTree = "<group>"; };
		BEC17531191AF7AA00459AD9 /* es */ = {isa = PBXFileReference; lastKnownFileType = text.plist.strings; name = es; path = es.lproj/InfoPlist.strings; sourceTree = "<group>"; };
		BEC17532191AF7AA00459AD9 /* es */ = {isa = PBXFileReference; lastKnownFileType = text.plist.strings; name = es; path = es.lproj/InfoPlist.strings; sourceTree = "<group>"; };
		BEC17534191AF7B800459AD9 /* fr */ = {isa = PBXFileReference; lastKnownFileType = text.plist.strings; name = fr; path = fr.lproj/InfoPlist.strings; sourceTree = "<group>"; };
		BEC17535191AF7B800459AD9 /* fr */ = {isa = PBXFileReference; lastKnownFileType = text.plist.strings; name = fr; path = fr.lproj/InfoPlist.strings; sourceTree = "<group>"; };
		BEC17536191B45D800459AD9 /* Currency.h */ = {isa = PBXFileReference; fileEncoding = 4; lastKnownFileType = sourcecode.c.h; path = Currency.h; sourceTree = "<group>"; };
		BEC17537191B45D800459AD9 /* Currency.m */ = {isa = PBXFileReference; fileEncoding = 4; lastKnownFileType = sourcecode.c.objc; path = Currency.m; sourceTree = "<group>"; };
		BEEF66E71936800C0086C145 /* Reachability.h */ = {isa = PBXFileReference; fileEncoding = 4; lastKnownFileType = sourcecode.c.h; path = Reachability.h; sourceTree = "<group>"; };
		BEEF66E81936800C0086C145 /* Reachability.m */ = {isa = PBXFileReference; fileEncoding = 4; lastKnownFileType = sourcecode.c.objc; path = Reachability.m; sourceTree = "<group>"; };
		BEEF66EA1936F11A0086C145 /* SystemConfiguration.framework */ = {isa = PBXFileReference; lastKnownFileType = wrapper.framework; name = SystemConfiguration.framework; path = System/Library/Frameworks/SystemConfiguration.framework; sourceTree = SDKROOT; };
		BEF4722119564C1D00F2D9BA /* about_BorderConverter.html */ = {isa = PBXFileReference; fileEncoding = 4; lastKnownFileType = text.html; path = about_BorderConverter.html; sourceTree = "<group>"; };
/* End PBXFileReference section */

/* Begin PBXFrameworksBuildPhase section */
		BE3930DA18BBDCA10072C4C7 /* Frameworks */ = {
			isa = PBXFrameworksBuildPhase;
			buildActionMask = 2147483647;
			files = (
				BEEF66EB1936F11A0086C145 /* SystemConfiguration.framework in Frameworks */,
				BE3930E318BBDCA10072C4C7 /* CoreGraphics.framework in Frameworks */,
				BE3930E518BBDCA10072C4C7 /* UIKit.framework in Frameworks */,
				BE3930E118BBDCA10072C4C7 /* Foundation.framework in Frameworks */,
			);
			runOnlyForDeploymentPostprocessing = 0;
		};
		BE3930FB18BBDCA10072C4C7 /* Frameworks */ = {
			isa = PBXFrameworksBuildPhase;
			buildActionMask = 2147483647;
			files = (
				BE39310018BBDCA10072C4C7 /* XCTest.framework in Frameworks */,
				BE39310218BBDCA10072C4C7 /* UIKit.framework in Frameworks */,
				BE39310118BBDCA10072C4C7 /* Foundation.framework in Frameworks */,
			);
			runOnlyForDeploymentPostprocessing = 0;
		};
/* End PBXFrameworksBuildPhase section */

/* Begin PBXGroup section */
		BE3930D418BBDCA10072C4C7 = {
			isa = PBXGroup;
			children = (
				BE3930E618BBDCA10072C4C7 /* BorderCompare */,
				BE39310518BBDCA10072C4C7 /* BorderCompareTests */,
				BE3930DF18BBDCA10072C4C7 /* Frameworks */,
				BE3930DE18BBDCA10072C4C7 /* Products */,
			);
			sourceTree = "<group>";
		};
		BE3930DE18BBDCA10072C4C7 /* Products */ = {
			isa = PBXGroup;
			children = (
				BE3930DD18BBDCA10072C4C7 /* BorderCompare.app */,
				BE3930FE18BBDCA10072C4C7 /* BorderCompareTests.xctest */,
			);
			name = Products;
			sourceTree = "<group>";
		};
		BE3930DF18BBDCA10072C4C7 /* Frameworks */ = {
			isa = PBXGroup;
			children = (
				BEEF66EA1936F11A0086C145 /* SystemConfiguration.framework */,
				BE3930E018BBDCA10072C4C7 /* Foundation.framework */,
				BE3930E218BBDCA10072C4C7 /* CoreGraphics.framework */,
				BE3930E418BBDCA10072C4C7 /* UIKit.framework */,
				BE3930FF18BBDCA10072C4C7 /* XCTest.framework */,
			);
			name = Frameworks;
			sourceTree = "<group>";
		};
		BE3930E618BBDCA10072C4C7 /* BorderCompare */ = {
			isa = PBXGroup;
			children = (
				BEEF66E71936800C0086C145 /* Reachability.h */,
				BEEF66E81936800C0086C145 /* Reachability.m */,
				BE3930EF18BBDCA10072C4C7 /* AppDelegate.h */,
				BE3930F018BBDCA10072C4C7 /* AppDelegate.m */,
				BE3930F218BBDCA10072C4C7 /* Main.storyboard */,
				BE3F48DA194E4E3900F7F672 /* BaseCurrencyTableViewController.h */,
				BE3F48DB194E4E3900F7F672 /* BaseCurrencyTableViewController.m */,
				BEC1752D191AF5A700459AD9 /* CurrencyPickerViewController.h */,
				BEC1752E191AF5A700459AD9 /* CurrencyPickerViewController.m */,
				BE3930F518BBDCA10072C4C7 /* MainViewController.h */,
				BE3930F618BBDCA10072C4C7 /* MainViewController.m */,
				BE383301192ACFFA00A7DC57 /* Item.h */,
				BE383302192ACFFA00A7DC57 /* Item.m */,
				BEB9BDF9194EB0D50068A441 /* BaseCurrency.h */,
				BEB9BDFA194EB0D50068A441 /* BaseCurrency.m */,
				BEC17536191B45D800459AD9 /* Currency.h */,
				BEC17537191B45D800459AD9 /* Currency.m */,
				BE3930F818BBDCA10072C4C7 /* Images.xcassets */,
				BE3930E718BBDCA10072C4C7 /* Supporting Files */,
			);
			path = BorderCompare;
			sourceTree = "<group>";
		};
		BE3930E718BBDCA10072C4C7 /* Supporting Files */ = {
			isa = PBXGroup;
			children = (
				BEF4722119564C1D00F2D9BA /* about_BorderConverter.html */,
				BE383278192A6B1600A7DC57 /* CurrencyDict.plist */,
				BE7D13341947CADA009ECAA3 /* ItemDict.plist */,
				BE3930E818BBDCA10072C4C7 /* BorderCompare-Info.plist */,
				BE3930E918BBDCA10072C4C7 /* InfoPlist.strings */,
				BE3930EC18BBDCA10072C4C7 /* main.m */,
				BE3930EE18BBDCA10072C4C7 /* BorderCompare-Prefix.pch */,
			);
			name = "Supporting Files";
			sourceTree = "<group>";
		};
		BE39310518BBDCA10072C4C7 /* BorderCompareTests */ = {
			isa = PBXGroup;
			children = (
				BE39310B18BBDCA10072C4C7 /* BorderCompareTests.m */,
				BE39310618BBDCA10072C4C7 /* Supporting Files */,
			);
			path = BorderCompareTests;
			sourceTree = "<group>";
		};
		BE39310618BBDCA10072C4C7 /* Supporting Files */ = {
			isa = PBXGroup;
			children = (
				BE39310718BBDCA10072C4C7 /* BorderCompareTests-Info.plist */,
				BE39310818BBDCA10072C4C7 /* InfoPlist.strings */,
			);
			name = "Supporting Files";
			sourceTree = "<group>";
		};
/* End PBXGroup section */

/* Begin PBXNativeTarget section */
		BE3930DC18BBDCA10072C4C7 /* BorderCompare */ = {
			isa = PBXNativeTarget;
			buildConfigurationList = BE39310F18BBDCA10072C4C7 /* Build configuration list for PBXNativeTarget "BorderCompare" */;
			buildPhases = (
				BE3930D918BBDCA10072C4C7 /* Sources */,
				BE3930DA18BBDCA10072C4C7 /* Frameworks */,
				BE3930DB18BBDCA10072C4C7 /* Resources */,
			);
			buildRules = (
			);
			dependencies = (
			);
			name = BorderCompare;
			productName = BorderCompare;
			productReference = BE3930DD18BBDCA10072C4C7 /* BorderCompare.app */;
			productType = "com.apple.product-type.application";
		};
		BE3930FD18BBDCA10072C4C7 /* BorderCompareTests */ = {
			isa = PBXNativeTarget;
			buildConfigurationList = BE39311218BBDCA10072C4C7 /* Build configuration list for PBXNativeTarget "BorderCompareTests" */;
			buildPhases = (
				BE3930FA18BBDCA10072C4C7 /* Sources */,
				BE3930FB18BBDCA10072C4C7 /* Frameworks */,
				BE3930FC18BBDCA10072C4C7 /* Resources */,
			);
			buildRules = (
			);
			dependencies = (
				BE39310418BBDCA10072C4C7 /* PBXTargetDependency */,
			);
			name = BorderCompareTests;
			productName = BorderCompareTests;
			productReference = BE3930FE18BBDCA10072C4C7 /* BorderCompareTests.xctest */;
			productType = "com.apple.product-type.bundle.unit-test";
		};
/* End PBXNativeTarget section */

/* Begin PBXProject section */
		BE3930D518BBDCA10072C4C7 /* Project object */ = {
			isa = PBXProject;
			attributes = {
				LastUpgradeCheck = 0510;
				ORGANIZATIONNAME = com.charlesgrier;
				TargetAttributes = {
					BE3930DC18BBDCA10072C4C7 = {
						DevelopmentTeam = L2866N5XVV;
					};
					BE3930FD18BBDCA10072C4C7 = {
						TestTargetID = BE3930DC18BBDCA10072C4C7;
					};
				};
			};
			buildConfigurationList = BE3930D818BBDCA10072C4C7 /* Build configuration list for PBXProject "BorderCompare" */;
			compatibilityVersion = "Xcode 3.2";
			developmentRegion = English;
			hasScannedForEncodings = 0;
			knownRegions = (
				en,
				Base,
				es,
				fr,
			);
			mainGroup = BE3930D418BBDCA10072C4C7;
			productRefGroup = BE3930DE18BBDCA10072C4C7 /* Products */;
			projectDirPath = "";
			projectRoot = "";
			targets = (
				BE3930DC18BBDCA10072C4C7 /* BorderCompare */,
				BE3930FD18BBDCA10072C4C7 /* BorderCompareTests */,
			);
		};
/* End PBXProject section */

/* Begin PBXResourcesBuildPhase section */
		BE3930DB18BBDCA10072C4C7 /* Resources */ = {
			isa = PBXResourcesBuildPhase;
			buildActionMask = 2147483647;
			files = (
				BE3930F918BBDCA10072C4C7 /* Images.xcassets in Resources */,
				BE7D13351947CADA009ECAA3 /* ItemDict.plist in Resources */,
				BEF4722219564C1D00F2D9BA /* about_BorderConverter.html in Resources */,
				BE3930EB18BBDCA10072C4C7 /* InfoPlist.strings in Resources */,
				BE383279192A6B1600A7DC57 /* CurrencyDict.plist in Resources */,
				BE3930F418BBDCA10072C4C7 /* Main.storyboard in Resources */,
			);
			runOnlyForDeploymentPostprocessing = 0;
		};
		BE3930FC18BBDCA10072C4C7 /* Resources */ = {
			isa = PBXResourcesBuildPhase;
			buildActionMask = 2147483647;
			files = (
				BE39310A18BBDCA10072C4C7 /* InfoPlist.strings in Resources */,
			);
			runOnlyForDeploymentPostprocessing = 0;
		};
/* End PBXResourcesBuildPhase section */

/* Begin PBXSourcesBuildPhase section */
		BE3930D918BBDCA10072C4C7 /* Sources */ = {
			isa = PBXSourcesBuildPhase;
			buildActionMask = 2147483647;
			files = (
				BE383303192ACFFA00A7DC57 /* Item.m in Sources */,
				BE3930F718BBDCA10072C4C7 /* MainViewController.m in Sources */,
				BEC1752F191AF5A700459AD9 /* CurrencyPickerViewController.m in Sources */,
				BE3F48DC194E4E3900F7F672 /* BaseCurrencyTableViewController.m in Sources */,
				BEEF66E91936800C0086C145 /* Reachability.m in Sources */,
				BE3930F118BBDCA10072C4C7 /* AppDelegate.m in Sources */,
				BEB9BDFB194EB0D50068A441 /* BaseCurrency.m in Sources */,
				BE3930ED18BBDCA10072C4C7 /* main.m in Sources */,
				BEC17538191B45D800459AD9 /* Currency.m in Sources */,
			);
			runOnlyForDeploymentPostprocessing = 0;
		};
		BE3930FA18BBDCA10072C4C7 /* Sources */ = {
			isa = PBXSourcesBuildPhase;
			buildActionMask = 2147483647;
			files = (
				BE39310C18BBDCA10072C4C7 /* BorderCompareTests.m in Sources */,
			);
			runOnlyForDeploymentPostprocessing = 0;
		};
/* End PBXSourcesBuildPhase section */

/* Begin PBXTargetDependency section */
		BE39310418BBDCA10072C4C7 /* PBXTargetDependency */ = {
			isa = PBXTargetDependency;
			target = BE3930DC18BBDCA10072C4C7 /* BorderCompare */;
			targetProxy = BE39310318BBDCA10072C4C7 /* PBXContainerItemProxy */;
		};
/* End PBXTargetDependency section */

/* Begin PBXVariantGroup section */
		BE3930E918BBDCA10072C4C7 /* InfoPlist.strings */ = {
			isa = PBXVariantGroup;
			children = (
				BE3930EA18BBDCA10072C4C7 /* en */,
				BEC17531191AF7AA00459AD9 /* es */,
				BEC17534191AF7B800459AD9 /* fr */,
			);
			name = InfoPlist.strings;
			sourceTree = "<group>";
		};
		BE3930F218BBDCA10072C4C7 /* Main.storyboard */ = {
			isa = PBXVariantGroup;
			children = (
				BE3930F318BBDCA10072C4C7 /* Base */,
			);
			name = Main.storyboard;
			sourceTree = "<group>";
		};
		BE39310818BBDCA10072C4C7 /* InfoPlist.strings */ = {
			isa = PBXVariantGroup;
			children = (
				BE39310918BBDCA10072C4C7 /* en */,
				BEC17532191AF7AA00459AD9 /* es */,
				BEC17535191AF7B800459AD9 /* fr */,
			);
			name = InfoPlist.strings;
			sourceTree = "<group>";
		};
/* End PBXVariantGroup section */

/* Begin XCBuildConfiguration section */
		BE39310D18BBDCA10072C4C7 /* Debug */ = {
			isa = XCBuildConfiguration;
			buildSettings = {
				ALWAYS_SEARCH_USER_PATHS = NO;
				CLANG_CXX_LANGUAGE_STANDARD = "gnu++0x";
				CLANG_CXX_LIBRARY = "libc++";
				CLANG_ENABLE_MODULES = YES;
				CLANG_ENABLE_OBJC_ARC = YES;
				CLANG_WARN_BOOL_CONVERSION = YES;
				CLANG_WARN_CONSTANT_CONVERSION = YES;
				CLANG_WARN_DIRECT_OBJC_ISA_USAGE = YES_ERROR;
				CLANG_WARN_EMPTY_BODY = YES;
				CLANG_WARN_ENUM_CONVERSION = YES;
				CLANG_WARN_INT_CONVERSION = YES;
				CLANG_WARN_OBJC_ROOT_CLASS = YES_ERROR;
				CLANG_WARN__DUPLICATE_METHOD_MATCH = YES;
				"CODE_SIGN_IDENTITY[sdk=iphoneos*]" = "iPhone Distribution: Charles Grier (L2866N5XVV)";
				COPY_PHASE_STRIP = NO;
				GCC_C_LANGUAGE_STANDARD = gnu99;
				GCC_DYNAMIC_NO_PIC = NO;
				GCC_OPTIMIZATION_LEVEL = 0;
				GCC_PREPROCESSOR_DEFINITIONS = (
					"DEBUG=1",
					"$(inherited)",
				);
				GCC_SYMBOLS_PRIVATE_EXTERN = NO;
				GCC_WARN_64_TO_32_BIT_CONVERSION = YES;
				GCC_WARN_ABOUT_RETURN_TYPE = YES_ERROR;
				GCC_WARN_UNDECLARED_SELECTOR = YES;
				GCC_WARN_UNINITIALIZED_AUTOS = YES;
				GCC_WARN_UNUSED_FUNCTION = YES;
				GCC_WARN_UNUSED_VARIABLE = YES;
				IPHONEOS_DEPLOYMENT_TARGET = 7.0;
				ONLY_ACTIVE_ARCH = YES;
				SDKROOT = iphoneos;
			};
			name = Debug;
		};
		BE39310E18BBDCA10072C4C7 /* Release */ = {
			isa = XCBuildConfiguration;
			buildSettings = {
				ALWAYS_SEARCH_USER_PATHS = NO;
				CLANG_CXX_LANGUAGE_STANDARD = "gnu++0x";
				CLANG_CXX_LIBRARY = "libc++";
				CLANG_ENABLE_MODULES = YES;
				CLANG_ENABLE_OBJC_ARC = YES;
				CLANG_WARN_BOOL_CONVERSION = YES;
				CLANG_WARN_CONSTANT_CONVERSION = YES;
				CLANG_WARN_DIRECT_OBJC_ISA_USAGE = YES_ERROR;
				CLANG_WARN_EMPTY_BODY = YES;
				CLANG_WARN_ENUM_CONVERSION = YES;
				CLANG_WARN_INT_CONVERSION = YES;
				CLANG_WARN_OBJC_ROOT_CLASS = YES_ERROR;
				CLANG_WARN__DUPLICATE_METHOD_MATCH = YES;
				CODE_SIGN_IDENTITY = "iPhone Distribution: Charles Grier (L2866N5XVV)";
				"CODE_SIGN_IDENTITY[sdk=iphoneos*]" = "iPhone Distribution: Charles Grier (L2866N5XVV)";
				COPY_PHASE_STRIP = YES;
				ENABLE_NS_ASSERTIONS = NO;
				GCC_C_LANGUAGE_STANDARD = gnu99;
				GCC_WARN_64_TO_32_BIT_CONVERSION = YES;
				GCC_WARN_ABOUT_RETURN_TYPE = YES_ERROR;
				GCC_WARN_UNDECLARED_SELECTOR = YES;
				GCC_WARN_UNINITIALIZED_AUTOS = YES;
				GCC_WARN_UNUSED_FUNCTION = YES;
				GCC_WARN_UNUSED_VARIABLE = YES;
				IPHONEOS_DEPLOYMENT_TARGET = 7.0;
				SDKROOT = iphoneos;
				VALIDATE_PRODUCT = YES;
			};
			name = Release;
		};
		BE39311018BBDCA10072C4C7 /* Debug */ = {
			isa = XCBuildConfiguration;
			buildSettings = {
				ASSETCATALOG_COMPILER_APPICON_NAME = AppIcon;
				ASSETCATALOG_COMPILER_LAUNCHIMAGE_NAME = LaunchImage;
				CODE_SIGN_IDENTITY = "iPhone Distribution: Charles Grier (L2866N5XVV)";
				"CODE_SIGN_IDENTITY[sdk=iphoneos*]" = "iPhone Distribution: Charles Grier (L2866N5XVV)";
				GCC_PRECOMPILE_PREFIX_HEADER = YES;
				GCC_PREFIX_HEADER = "BorderCompare/BorderCompare-Prefix.pch";
				INFOPLIST_FILE = "BorderCompare/BorderCompare-Info.plist";
				PRODUCT_NAME = "$(TARGET_NAME)";
				PROVISIONING_PROFILE = "";
				TARGETED_DEVICE_FAMILY = 1;
				WRAPPER_EXTENSION = app;
			};
			name = Debug;
		};
		BE39311118BBDCA10072C4C7 /* Release */ = {
			isa = XCBuildConfiguration;
			buildSettings = {
				ASSETCATALOG_COMPILER_APPICON_NAME = AppIcon;
				ASSETCATALOG_COMPILER_LAUNCHIMAGE_NAME = LaunchImage;
				CODE_SIGN_IDENTITY = "iPhone Distribution: Charles Grier (L2866N5XVV)";
				GCC_PRECOMPILE_PREFIX_HEADER = YES;
				GCC_PREFIX_HEADER = "BorderCompare/BorderCompare-Prefix.pch";
				INFOPLIST_FILE = "BorderCompare/BorderCompare-Info.plist";
				PRODUCT_NAME = "$(TARGET_NAME)";
				PROVISIONING_PROFILE = "";
				TARGETED_DEVICE_FAMILY = 1;
				WRAPPER_EXTENSION = app;
			};
			name = Release;
		};
		BE39311318BBDCA10072C4C7 /* Debug */ = {
			isa = XCBuildConfiguration;
			buildSettings = {
				BUNDLE_LOADER = "$(BUILT_PRODUCTS_DIR)/BorderCompare.app/BorderCompare";
				FRAMEWORK_SEARCH_PATHS = (
					"$(SDKROOT)/Developer/Library/Frameworks",
					"$(inherited)",
					"$(DEVELOPER_FRAMEWORKS_DIR)",
				);
				GCC_PRECOMPILE_PREFIX_HEADER = YES;
				GCC_PREFIX_HEADER = "BorderCompare/BorderCompare-Prefix.pch";
				GCC_PREPROCESSOR_DEFINITIONS = (
					"DEBUG=1",
					"$(inherited)",
				);
				INFOPLIST_FILE = "BorderCompareTests/BorderCompareTests-Info.plist";
				PRODUCT_NAME = "$(TARGET_NAME)";
				TEST_HOST = "$(BUNDLE_LOADER)";
				WRAPPER_EXTENSION = xctest;
			};
			name = Debug;
		};
		BE39311418BBDCA10072C4C7 /* Release */ = {
			isa = XCBuildConfiguration;
			buildSettings = {
				BUNDLE_LOADER = "$(BUILT_PRODUCTS_DIR)/BorderCompare.app/BorderCompare";
				FRAMEWORK_SEARCH_PATHS = (
					"$(SDKROOT)/Developer/Library/Frameworks",
					"$(inherited)",
					"$(DEVELOPER_FRAMEWORKS_DIR)",
				);
				GCC_PRECOMPILE_PREFIX_HEADER = YES;
				GCC_PREFIX_HEADER = "BorderCompare/BorderCompare-Prefix.pch";
				INFOPLIST_FILE = "BorderCompareTests/BorderCompareTests-Info.plist";
				PRODUCT_NAME = "$(TARGET_NAME)";
				TEST_HOST = "$(BUNDLE_LOADER)";
				WRAPPER_EXTENSION = xctest;
			};
			name = Release;
		};
/* End XCBuildConfiguration section */

/* Begin XCConfigurationList section */
		BE3930D818BBDCA10072C4C7 /* Build configuration list for PBXProject "BorderCompare" */ = {
			isa = XCConfigurationList;
			buildConfigurations = (
				BE39310D18BBDCA10072C4C7 /* Debug */,
				BE39310E18BBDCA10072C4C7 /* Release */,
			);
			defaultConfigurationIsVisible = 0;
			defaultConfigurationName = Release;
		};
		BE39310F18BBDCA10072C4C7 /* Build configuration list for PBXNativeTarget "BorderCompare" */ = {
			isa = XCConfigurationList;
			buildConfigurations = (
				BE39311018BBDCA10072C4C7 /* Debug */,
				BE39311118BBDCA10072C4C7 /* Release */,
			);
			defaultConfigurationIsVisible = 0;
			defaultConfigurationName = Release;
		};
		BE39311218BBDCA10072C4C7 /* Build configuration list for PBXNativeTarget "BorderCompareTests" */ = {
			isa = XCConfigurationList;
			buildConfigurations = (
				BE39311318BBDCA10072C4C7 /* Debug */,
				BE39311418BBDCA10072C4C7 /* Release */,
			);
			defaultConfigurationIsVisible = 0;
			defaultConfigurationName = Release;
		};
/* End XCConfigurationList section */
	};
	rootObject = BE3930D518BBDCA10072C4C7 /* Project object */;
}
