// !$*UTF8*$!
{
	archiveVersion = 1;
	classes = {
	};
	objectVersion = 46;
	objects = {

/* Begin PBXBuildFile section */
		BE84986F19F07AD200D02631 /* main.m in Sources */ = {isa = PBXBuildFile; fileRef = BE84986E19F07AD200D02631 /* main.m */; };
		BE84987219F07AD200D02631 /* AppDelegate.m in Sources */ = {isa = PBXBuildFile; fileRef = BE84987119F07AD200D02631 /* AppDelegate.m */; };
		BE84987519F07AD200D02631 /* FirstViewController.m in Sources */ = {isa = PBXBuildFile; fileRef = BE84987419F07AD200D02631 /* FirstViewController.m */; };
		BE84987819F07AD200D02631 /* SecondViewController.m in Sources */ = {isa = PBXBuildFile; fileRef = BE84987719F07AD200D02631 /* SecondViewController.m */; };
		BE84987B19F07AD200D02631 /* Main.storyboard in Resources */ = {isa = PBXBuildFile; fileRef = BE84987919F07AD200D02631 /* Main.storyboard */; };
		BE84987D19F07AD200D02631 /* Images.xcassets in Resources */ = {isa = PBXBuildFile; fileRef = BE84987C19F07AD200D02631 /* Images.xcassets */; };
		BE84988019F07AD200D02631 /* LaunchScreen.xib in Resources */ = {isa = PBXBuildFile; fileRef = BE84987E19F07AD200D02631 /* LaunchScreen.xib */; };
		BE84988C19F07AD200D02631 /* PathCounterTests.m in Sources */ = {isa = PBXBuildFile; fileRef = BE84988B19F07AD200D02631 /* PathCounterTests.m */; };
/* End PBXBuildFile section */

/* Begin PBXContainerItemProxy section */
		BE84988619F07AD200D02631 /* PBXContainerItemProxy */ = {
			isa = PBXContainerItemProxy;
			containerPortal = BE84986119F07AD200D02631 /* Project object */;
			proxyType = 1;
			remoteGlobalIDString = BE84986819F07AD200D02631;
			remoteInfo = PathCounter;
		};
/* End PBXContainerItemProxy section */

/* Begin PBXFileReference section */
		BE84986919F07AD200D02631 /* PathCounter.app */ = {isa = PBXFileReference; explicitFileType = wrapper.application; includeInIndex = 0; path = PathCounter.app; sourceTree = BUILT_PRODUCTS_DIR; };
		BE84986D19F07AD200D02631 /* Info.plist */ = {isa = PBXFileReference; lastKnownFileType = text.plist.xml; path = Info.plist; sourceTree = "<group>"; };
		BE84986E19F07AD200D02631 /* main.m */ = {isa = PBXFileReference; lastKnownFileType = sourcecode.c.objc; path = main.m; sourceTree = "<group>"; };
		BE84987019F07AD200D02631 /* AppDelegate.h */ = {isa = PBXFileReference; lastKnownFileType = sourcecode.c.h; path = AppDelegate.h; sourceTree = "<group>"; };
		BE84987119F07AD200D02631 /* AppDelegate.m */ = {isa = PBXFileReference; lastKnownFileType = sourcecode.c.objc; path = AppDelegate.m; sourceTree = "<group>"; };
		BE84987319F07AD200D02631 /* FirstViewController.h */ = {isa = PBXFileReference; lastKnownFileType = sourcecode.c.h; path = FirstViewController.h; sourceTree = "<group>"; };
		BE84987419F07AD200D02631 /* FirstViewController.m */ = {isa = PBXFileReference; lastKnownFileType = sourcecode.c.objc; path = FirstViewController.m; sourceTree = "<group>"; };
		BE84987619F07AD200D02631 /* SecondViewController.h */ = {isa = PBXFileReference; lastKnownFileType = sourcecode.c.h; path = SecondViewController.h; sourceTree = "<group>"; };
		BE84987719F07AD200D02631 /* SecondViewController.m */ = {isa = PBXFileReference; lastKnownFileType = sourcecode.c.objc; path = SecondViewController.m; sourceTree = "<group>"; };
		BE84987A19F07AD200D02631 /* Base */ = {isa = PBXFileReference; lastKnownFileType = file.storyboard; name = Base; path = Base.lproj/Main.storyboard; sourceTree = "<group>"; };
		BE84987C19F07AD200D02631 /* Images.xcassets */ = {isa = PBXFileReference; lastKnownFileType = folder.assetcatalog; path = Images.xcassets; sourceTree = "<group>"; };
		BE84987F19F07AD200D02631 /* Base */ = {isa = PBXFileReference; lastKnownFileType = file.xib; name = Base; path = Base.lproj/LaunchScreen.xib; sourceTree = "<group>"; };
		BE84988519F07AD200D02631 /* PathCounterTests.xctest */ = {isa = PBXFileReference; explicitFileType = wrapper.cfbundle; includeInIndex = 0; path = PathCounterTests.xctest; sourceTree = BUILT_PRODUCTS_DIR; };
		BE84988A19F07AD200D02631 /* Info.plist */ = {isa = PBXFileReference; lastKnownFileType = text.plist.xml; path = Info.plist; sourceTree = "<group>"; };
		BE84988B19F07AD200D02631 /* PathCounterTests.m */ = {isa = PBXFileReference; lastKnownFileType = sourcecode.c.objc; path = PathCounterTests.m; sourceTree = "<group>"; };
/* End PBXFileReference section */

/* Begin PBXFrameworksBuildPhase section */
		BE84986619F07AD200D02631 /* Frameworks */ = {
			isa = PBXFrameworksBuildPhase;
			buildActionMask = 2147483647;
			files = (
			);
			runOnlyForDeploymentPostprocessing = 0;
		};
		BE84988219F07AD200D02631 /* Frameworks */ = {
			isa = PBXFrameworksBuildPhase;
			buildActionMask = 2147483647;
			files = (
			);
			runOnlyForDeploymentPostprocessing = 0;
		};
/* End PBXFrameworksBuildPhase section */

/* Begin PBXGroup section */
		BE84986019F07AD200D02631 = {
			isa = PBXGroup;
			children = (
				BE84986B19F07AD200D02631 /* PathCounter */,
				BE84988819F07AD200D02631 /* PathCounterTests */,
				BE84986A19F07AD200D02631 /* Products */,
			);
			sourceTree = "<group>";
		};
		BE84986A19F07AD200D02631 /* Products */ = {
			isa = PBXGroup;
			children = (
				BE84986919F07AD200D02631 /* PathCounter.app */,
				BE84988519F07AD200D02631 /* PathCounterTests.xctest */,
			);
			name = Products;
			sourceTree = "<group>";
		};
		BE84986B19F07AD200D02631 /* PathCounter */ = {
			isa = PBXGroup;
			children = (
				BE84987019F07AD200D02631 /* AppDelegate.h */,
				BE84987119F07AD200D02631 /* AppDelegate.m */,
				BE84987319F07AD200D02631 /* FirstViewController.h */,
				BE84987419F07AD200D02631 /* FirstViewController.m */,
				BE84987619F07AD200D02631 /* SecondViewController.h */,
				BE84987719F07AD200D02631 /* SecondViewController.m */,
				BE84987919F07AD200D02631 /* Main.storyboard */,
				BE84987C19F07AD200D02631 /* Images.xcassets */,
				BE84987E19F07AD200D02631 /* LaunchScreen.xib */,
				BE84986C19F07AD200D02631 /* Supporting Files */,
			);
			path = PathCounter;
			sourceTree = "<group>";
		};
		BE84986C19F07AD200D02631 /* Supporting Files */ = {
			isa = PBXGroup;
			children = (
				BE84986D19F07AD200D02631 /* Info.plist */,
				BE84986E19F07AD200D02631 /* main.m */,
			);
			name = "Supporting Files";
			sourceTree = "<group>";
		};
		BE84988819F07AD200D02631 /* PathCounterTests */ = {
			isa = PBXGroup;
			children = (
				BE84988B19F07AD200D02631 /* PathCounterTests.m */,
				BE84988919F07AD200D02631 /* Supporting Files */,
			);
			path = PathCounterTests;
			sourceTree = "<group>";
		};
		BE84988919F07AD200D02631 /* Supporting Files */ = {
			isa = PBXGroup;
			children = (
				BE84988A19F07AD200D02631 /* Info.plist */,
			);
			name = "Supporting Files";
			sourceTree = "<group>";
		};
/* End PBXGroup section */

/* Begin PBXNativeTarget section */
		BE84986819F07AD200D02631 /* PathCounter */ = {
			isa = PBXNativeTarget;
			buildConfigurationList = BE84988F19F07AD200D02631 /* Build configuration list for PBXNativeTarget "PathCounter" */;
			buildPhases = (
				BE84986519F07AD200D02631 /* Sources */,
				BE84986619F07AD200D02631 /* Frameworks */,
				BE84986719F07AD200D02631 /* Resources */,
			);
			buildRules = (
			);
			dependencies = (
			);
			name = PathCounter;
			productName = PathCounter;
			productReference = BE84986919F07AD200D02631 /* PathCounter.app */;
			productType = "com.apple.product-type.application";
		};
		BE84988419F07AD200D02631 /* PathCounterTests */ = {
			isa = PBXNativeTarget;
			buildConfigurationList = BE84989219F07AD200D02631 /* Build configuration list for PBXNativeTarget "PathCounterTests" */;
			buildPhases = (
				BE84988119F07AD200D02631 /* Sources */,
				BE84988219F07AD200D02631 /* Frameworks */,
				BE84988319F07AD200D02631 /* Resources */,
			);
			buildRules = (
			);
			dependencies = (
				BE84988719F07AD200D02631 /* PBXTargetDependency */,
			);
			name = PathCounterTests;
			productName = PathCounterTests;
			productReference = BE84988519F07AD200D02631 /* PathCounterTests.xctest */;
			productType = "com.apple.product-type.bundle.unit-test";
		};
/* End PBXNativeTarget section */

/* Begin PBXProject section */
		BE84986119F07AD200D02631 /* Project object */ = {
			isa = PBXProject;
			attributes = {
				LastUpgradeCheck = 0600;
				ORGANIZATIONNAME = "Grier Mobile Development";
				TargetAttributes = {
					BE84986819F07AD200D02631 = {
						CreatedOnToolsVersion = 6.0;
					};
					BE84988419F07AD200D02631 = {
						CreatedOnToolsVersion = 6.0;
						TestTargetID = BE84986819F07AD200D02631;
					};
				};
			};
			buildConfigurationList = BE84986419F07AD200D02631 /* Build configuration list for PBXProject "PathCounter" */;
			compatibilityVersion = "Xcode 3.2";
			developmentRegion = English;
			hasScannedForEncodings = 0;
			knownRegions = (
				en,
				Base,
			);
			mainGroup = BE84986019F07AD200D02631;
			productRefGroup = BE84986A19F07AD200D02631 /* Products */;
			projectDirPath = "";
			projectRoot = "";
			targets = (
				BE84986819F07AD200D02631 /* PathCounter */,
				BE84988419F07AD200D02631 /* PathCounterTests */,
			);
		};
/* End PBXProject section */

/* Begin PBXResourcesBuildPhase section */
		BE84986719F07AD200D02631 /* Resources */ = {
			isa = PBXResourcesBuildPhase;
			buildActionMask = 2147483647;
			files = (
				BE84987B19F07AD200D02631 /* Main.storyboard in Resources */,
				BE84988019F07AD200D02631 /* LaunchScreen.xib in Resources */,
				BE84987D19F07AD200D02631 /* Images.xcassets in Resources */,
			);
			runOnlyForDeploymentPostprocessing = 0;
		};
		BE84988319F07AD200D02631 /* Resources */ = {
			isa = PBXResourcesBuildPhase;
			buildActionMask = 2147483647;
			files = (
			);
			runOnlyForDeploymentPostprocessing = 0;
		};
/* End PBXResourcesBuildPhase section */

/* Begin PBXSourcesBuildPhase section */
		BE84986519F07AD200D02631 /* Sources */ = {
			isa = PBXSourcesBuildPhase;
			buildActionMask = 2147483647;
			files = (
				BE84987819F07AD200D02631 /* SecondViewController.m in Sources */,
				BE84987219F07AD200D02631 /* AppDelegate.m in Sources */,
				BE84987519F07AD200D02631 /* FirstViewController.m in Sources */,
				BE84986F19F07AD200D02631 /* main.m in Sources */,
			);
			runOnlyForDeploymentPostprocessing = 0;
		};
		BE84988119F07AD200D02631 /* Sources */ = {
			isa = PBXSourcesBuildPhase;
			buildActionMask = 2147483647;
			files = (
				BE84988C19F07AD200D02631 /* PathCounterTests.m in Sources */,
			);
			runOnlyForDeploymentPostprocessing = 0;
		};
/* End PBXSourcesBuildPhase section */

/* Begin PBXTargetDependency section */
		BE84988719F07AD200D02631 /* PBXTargetDependency */ = {
			isa = PBXTargetDependency;
			target = BE84986819F07AD200D02631 /* PathCounter */;
			targetProxy = BE84988619F07AD200D02631 /* PBXContainerItemProxy */;
		};
/* End PBXTargetDependency section */

/* Begin PBXVariantGroup section */
		BE84987919F07AD200D02631 /* Main.storyboard */ = {
			isa = PBXVariantGroup;
			children = (
				BE84987A19F07AD200D02631 /* Base */,
			);
			name = Main.storyboard;
			sourceTree = "<group>";
		};
		BE84987E19F07AD200D02631 /* LaunchScreen.xib */ = {
			isa = PBXVariantGroup;
			children = (
				BE84987F19F07AD200D02631 /* Base */,
			);
			name = LaunchScreen.xib;
			sourceTree = "<group>";
		};
/* End PBXVariantGroup section */

/* Begin XCBuildConfiguration section */
		BE84988D19F07AD200D02631 /* Debug */ = {
			isa = XCBuildConfiguration;
			buildSettings = {
				ALWAYS_SEARCH_USER_PATHS = NO;
				CLANG_CXX_LANGUAGE_STANDARD = "gnu++0x";
				CLANG_CXX_LIBRARY = "libc++";
				CLANG_ENABLE_MODULES = YES;
				CLANG_ENABLE_OBJC_ARC = YES;
				CLANG_WARN_BOOL_CONVERSION = YES;
				CLANG_WARN_CONSTANT_CONVERSION = YES;
				CLANG_WARN_DIRECT_OBJC_ISA_USAGE = YES_ERROR;
				CLANG_WARN_EMPTY_BODY = YES;
				CLANG_WARN_ENUM_CONVERSION = YES;
				CLANG_WARN_INT_CONVERSION = YES;
				CLANG_WARN_OBJC_ROOT_CLASS = YES_ERROR;
				CLANG_WARN_UNREACHABLE_CODE = YES;
				CLANG_WARN__DUPLICATE_METHOD_MATCH = YES;
				"CODE_SIGN_IDENTITY[sdk=iphoneos*]" = "iPhone Developer";
				COPY_PHASE_STRIP = NO;
				ENABLE_STRICT_OBJC_MSGSEND = YES;
				GCC_C_LANGUAGE_STANDARD = gnu99;
				GCC_DYNAMIC_NO_PIC = NO;
				GCC_OPTIMIZATION_LEVEL = 0;
				GCC_PREPROCESSOR_DEFINITIONS = (
					"DEBUG=1",
					"$(inherited)",
				);
				GCC_SYMBOLS_PRIVATE_EXTERN = NO;
				GCC_WARN_64_TO_32_BIT_CONVERSION = YES;
				GCC_WARN_ABOUT_RETURN_TYPE = YES_ERROR;
				GCC_WARN_UNDECLARED_SELECTOR = YES;
				GCC_WARN_UNINITIALIZED_AUTOS = YES_AGGRESSIVE;
				GCC_WARN_UNUSED_FUNCTION = YES;
				GCC_WARN_UNUSED_VARIABLE = YES;
				IPHONEOS_DEPLOYMENT_TARGET = 8.0;
				MTL_ENABLE_DEBUG_INFO = YES;
				ONLY_ACTIVE_ARCH = YES;
				SDKROOT = iphoneos;
				TARGETED_DEVICE_FAMILY = "1,2";
			};
			name = Debug;
		};
		BE84988E19F07AD200D02631 /* Release */ = {
			isa = XCBuildConfiguration;
			buildSettings = {
				ALWAYS_SEARCH_USER_PATHS = NO;
				CLANG_CXX_LANGUAGE_STANDARD = "gnu++0x";
				CLANG_CXX_LIBRARY = "libc++";
				CLANG_ENABLE_MODULES = YES;
				CLANG_ENABLE_OBJC_ARC = YES;
				CLANG_WARN_BOOL_CONVERSION = YES;
				CLANG_WARN_CONSTANT_CONVERSION = YES;
				CLANG_WARN_DIRECT_OBJC_ISA_USAGE = YES_ERROR;
				CLANG_WARN_EMPTY_BODY = YES;
				CLANG_WARN_ENUM_CONVERSION = YES;
				CLANG_WARN_INT_CONVERSION = YES;
				CLANG_WARN_OBJC_ROOT_CLASS = YES_ERROR;
				CLANG_WARN_UNREACHABLE_CODE = YES;
				CLANG_WARN__DUPLICATE_METHOD_MATCH = YES;
				"CODE_SIGN_IDENTITY[sdk=iphoneos*]" = "iPhone Developer";
				COPY_PHASE_STRIP = YES;
				ENABLE_NS_ASSERTIONS = NO;
				ENABLE_STRICT_OBJC_MSGSEND = YES;
				GCC_C_LANGUAGE_STANDARD = gnu99;
				GCC_WARN_64_TO_32_BIT_CONVERSION = YES;
				GCC_WARN_ABOUT_RETURN_TYPE = YES_ERROR;
				GCC_WARN_UNDECLARED_SELECTOR = YES;
				GCC_WARN_UNINITIALIZED_AUTOS = YES_AGGRESSIVE;
				GCC_WARN_UNUSED_FUNCTION = YES;
				GCC_WARN_UNUSED_VARIABLE = YES;
				IPHONEOS_DEPLOYMENT_TARGET = 8.0;
				MTL_ENABLE_DEBUG_INFO = NO;
				SDKROOT = iphoneos;
				TARGETED_DEVICE_FAMILY = "1,2";
				VALIDATE_PRODUCT = YES;
			};
			name = Release;
		};
		BE84989019F07AD200D02631 /* Debug */ = {
			isa = XCBuildConfiguration;
			buildSettings = {
				ASSETCATALOG_COMPILER_APPICON_NAME = AppIcon;
				INFOPLIST_FILE = PathCounter/Info.plist;
				LD_RUNPATH_SEARCH_PATHS = "$(inherited) @executable_path/Frameworks";
				PRODUCT_NAME = "$(TARGET_NAME)";
			};
			name = Debug;
		};
		BE84989119F07AD200D02631 /* Release */ = {
			isa = XCBuildConfiguration;
			buildSettings = {
				ASSETCATALOG_COMPILER_APPICON_NAME = AppIcon;
				INFOPLIST_FILE = PathCounter/Info.plist;
				LD_RUNPATH_SEARCH_PATHS = "$(inherited) @executable_path/Frameworks";
				PRODUCT_NAME = "$(TARGET_NAME)";
			};
			name = Release;
		};
		BE84989319F07AD200D02631 /* Debug */ = {
			isa = XCBuildConfiguration;
			buildSettings = {
				BUNDLE_LOADER = "$(TEST_HOST)";
				FRAMEWORK_SEARCH_PATHS = (
					"$(SDKROOT)/Developer/Library/Frameworks",
					"$(inherited)",
				);
				GCC_PREPROCESSOR_DEFINITIONS = (
					"DEBUG=1",
					"$(inherited)",
				);
				INFOPLIST_FILE = PathCounterTests/Info.plist;
				LD_RUNPATH_SEARCH_PATHS = "$(inherited) @executable_path/Frameworks @loader_path/Frameworks";
				PRODUCT_NAME = "$(TARGET_NAME)";
				TEST_HOST = "$(BUILT_PRODUCTS_DIR)/PathCounter.app/PathCounter";
			};
			name = Debug;
		};
		BE84989419F07AD200D02631 /* Release */ = {
			isa = XCBuildConfiguration;
			buildSettings = {
				BUNDLE_LOADER = "$(TEST_HOST)";
				FRAMEWORK_SEARCH_PATHS = (
					"$(SDKROOT)/Developer/Library/Frameworks",
					"$(inherited)",
				);
				INFOPLIST_FILE = PathCounterTests/Info.plist;
				LD_RUNPATH_SEARCH_PATHS = "$(inherited) @executable_path/Frameworks @loader_path/Frameworks";
				PRODUCT_NAME = "$(TARGET_NAME)";
				TEST_HOST = "$(BUILT_PRODUCTS_DIR)/PathCounter.app/PathCounter";
			};
			name = Release;
		};
/* End XCBuildConfiguration section */

/* Begin XCConfigurationList section */
		BE84986419F07AD200D02631 /* Build configuration list for PBXProject "PathCounter" */ = {
			isa = XCConfigurationList;
			buildConfigurations = (
				BE84988D19F07AD200D02631 /* Debug */,
				BE84988E19F07AD200D02631 /* Release */,
			);
			defaultConfigurationIsVisible = 0;
			defaultConfigurationName = Release;
		};
		BE84988F19F07AD200D02631 /* Build configuration list for PBXNativeTarget "PathCounter" */ = {
			isa = XCConfigurationList;
			buildConfigurations = (
				BE84989019F07AD200D02631 /* Debug */,
				BE84989119F07AD200D02631 /* Release */,
			);
			defaultConfigurationIsVisible = 0;
		};
		BE84989219F07AD200D02631 /* Build configuration list for PBXNativeTarget "PathCounterTests" */ = {
			isa = XCConfigurationList;
			buildConfigurations = (
				BE84989319F07AD200D02631 /* Debug */,
				BE84989419F07AD200D02631 /* Release */,
			);
			defaultConfigurationIsVisible = 0;
		};
/* End XCConfigurationList section */
	};
	rootObject = BE84986119F07AD200D02631 /* Project object */;
}
